
Microsoft Visual Studio Solution File, Format Version 12.00
# Visual Studio 2012
Project("{FAE04EC0-301F-11D3-BF4B-00C04F79EFBC}") = "Xbrl", "Xbrl\Xbrl.csproj", "{DDD6F5C5-745B-4154-AEA5-98106851CAA9}"
EndProject
Project("{FAE04EC0-301F-11D3-BF4B-00C04F79EFBC}") = "XbrlClient", "XbrlClient\XbrlClient.csproj", "{6244C4D0-AA9D-4044-BB02-E928D2FD8378}"
EndProject
Project("{FAE04EC0-301F-11D3-BF4B-00C04F79EFBC}") = "XbrlTests", "XbrlTests\XbrlTests.csproj", "{2106AB61-D77B-4D79-BA51-01F4FDDA7244}"
EndProject
Global
	GlobalSection(SolutionConfigurationPlatforms) = preSolution
		Debug|Any CPU = Debug|Any CPU
		Release|Any CPU = Release|Any CPU
	EndGlobalSection
	GlobalSection(ProjectConfigurationPlatforms) = postSolution
		{2106AB61-D77B-4D79-BA51-01F4FDDA7244}.Debug|Any CPU.ActiveCfg = Debug|Any CPU
		{2106AB61-D77B-4D79-BA51-01F4FDDA7244}.Debug|Any CPU.Build.0 = Debug|Any CPU
		{2106AB61-D77B-4D79-BA51-01F4FDDA7244}.Release|Any CPU.ActiveCfg = Release|Any CPU
		{2106AB61-D77B-4D79-BA51-01F4FDDA7244}.Release|Any CPU.Build.0 = Release|Any CPU
		{6244C4D0-AA9D-4044-BB02-E928D2FD8378}.Debug|Any CPU.ActiveCfg = Debug|Any CPU
		{6244C4D0-AA9D-4044-BB02-E928D2FD8378}.Debug|Any CPU.Build.0 = Debug|Any CPU
		{6244C4D0-AA9D-4044-BB02-E928D2FD8378}.Release|Any CPU.ActiveCfg = Release|Any CPU
		{6244C4D0-AA9D-4044-BB02-E928D2FD8378}.Release|Any CPU.Build.0 = Release|Any CPU
		{DDD6F5C5-745B-4154-AEA5-98106851CAA9}.Debug|Any CPU.ActiveCfg = Debug|Any CPU
		{DDD6F5C5-745B-4154-AEA5-98106851CAA9}.Debug|Any CPU.Build.0 = Debug|Any CPU
		{DDD6F5C5-745B-4154-AEA5-98106851CAA9}.Release|Any CPU.ActiveCfg = Release|Any CPU
		{DDD6F5C5-745B-4154-AEA5-98106851CAA9}.Release|Any CPU.Build.0 = Release|Any CPU
	EndGlobalSection
	GlobalSection(MonoDevelopProperties) = preSolution
		StartupItem = XbrlClient\XbrlClient.csproj
		Policies = $0
		$0.VersionControlPolicy = $1
		$1.inheritsSet = Mono
		version = 0.0
	EndGlobalSection
EndGlobal
